{
  "version": 1,
  "dependencies": {
    "net7.0": {
      "Abs.CommonCore.Contracts": {
        "type": "Direct",
        "requested": "[1.0.248, )",
        "resolved": "1.0.248",
        "contentHash": "Qe62kv6hvCybhLRn41CH6TqENfGCBEQ66zvde2koKXV8GgSpGtD8c0WOV/l+dEaJllchzXgJrfxLE5pcVyi3oA==",
        "dependencies": {
          "Google.Protobuf": "3.23.3",
          "Grpc.AspNetCore": "2.32.0",
          "Macross.Json.Extensions": "3.0.0"
        }
      },
      "EasyNetQ.Management.Client": {
        "type": "Direct",
        "requested": "[2.0.0, )",
        "resolved": "2.0.0",
        "contentHash": "hurgV4fHNKewdKR+E+sTkYnzf6PbiO8x0hfUWjluRm68rIrE0kUUFh9MhD6zC6qKMdsL0PQ/ZxZqfZWFqsBGzg==",
        "dependencies": {
          "System.Net.Http.Json": "6.0.0",
          "System.Text.Json": "6.0.0"
        }
      },
      "JsonSchema.Net": {
        "type": "Direct",
        "requested": "[4.1.1, )",
        "resolved": "4.1.1",
        "contentHash": "R17IcU2nfddbMsbTzKZAUWLaVx3sGP5XLjiCfAC7ob56f/rmVfj5q6IdADdCtYPxxcyOpFPQLYXfTFODXCWmMQ==",
        "dependencies": {
          "JetBrains.Annotations": "2021.2.0",
          "Json.More.Net": "1.8.0",
          "JsonPointer.Net": "3.0.1"
        }
      },
      "Microsoft.Extensions.Configuration": {
        "type": "Direct",
        "requested": "[7.0.0, )",
        "resolved": "7.0.0",
        "contentHash": "tldQUBWt/xeH2K7/hMPPo5g8zuLc3Ro9I5d4o/XrxvxOCA2EZBtW7bCHHTc49fcBtvB8tLAb/Qsmfrq+2SJ4vA==",
        "dependencies": {
          "Microsoft.Extensions.Configuration.Abstractions": "7.0.0",
          "Microsoft.Extensions.Primitives": "7.0.0"
        }
      },
      "Microsoft.Extensions.Configuration.Binder": {
        "type": "Direct",
        "requested": "[7.0.4, )",
        "resolved": "7.0.4",
        "contentHash": "8+XPvJnHZsYgHOQlcMuQe7QNF5KdVKHH1F/wW3nd8/u81Gk/XFAYMDP0Lpz18h7/AM95M662vvqMorcYxCBB4w==",
        "dependencies": {
          "Microsoft.Extensions.Configuration.Abstractions": "7.0.0"
        }
      },
      "Microsoft.Extensions.Configuration.Json": {
        "type": "Direct",
        "requested": "[7.0.0, )",
        "resolved": "7.0.0",
        "contentHash": "LDNYe3uw76W35Jci+be4LDf2lkQZe0A7EEYQVChFbc509CpZ4Iupod8li4PUXPBhEUOFI/rlQNf5xkzJRQGvtA==",
        "dependencies": {
          "Microsoft.Extensions.Configuration": "7.0.0",
          "Microsoft.Extensions.Configuration.Abstractions": "7.0.0",
          "Microsoft.Extensions.Configuration.FileExtensions": "7.0.0",
          "Microsoft.Extensions.FileProviders.Abstractions": "7.0.0",
          "System.Text.Json": "7.0.0"
        }
      },
      "Microsoft.Extensions.Diagnostics.HealthChecks": {
        "type": "Direct",
        "requested": "[7.0.5, )",
        "resolved": "7.0.5",
        "contentHash": "hra23GQvWuNqaHu1O7zBXDCxynTk0vRFMNV+S8DxBbo+yWJuRDh3M5V4xRrfuFiwwOzckztO3mLlZPzDVnT2Zg==",
        "dependencies": {
          "Microsoft.Extensions.Diagnostics.HealthChecks.Abstractions": "7.0.5",
          "Microsoft.Extensions.Hosting.Abstractions": "7.0.0",
          "Microsoft.Extensions.Logging.Abstractions": "7.0.0",
          "Microsoft.Extensions.Options": "7.0.1"
        }
      },
      "Google.Protobuf": {
        "type": "Transitive",
        "resolved": "3.23.3",
        "contentHash": "CH/9X2w7zTYyZjGCMDlfi3ZaB1HZ3BM35XUm4WADcNWQuT5QttjE2BQ+ydSROaZ1JEJ5p7gh1LKIbf9hoWrFNA=="
      },
      "Grpc.AspNetCore": {
        "type": "Transitive",
        "resolved": "2.32.0",
        "contentHash": "zagGlzqaSBTNYXOruEDjL/ka39EI6wB+4PFIwyipnAroBKZ10FNm8QNRGZhFJNGjJmfPTFbOP/NAkN/BAcOYjg==",
        "dependencies": {
          "Google.Protobuf": "3.13.0",
          "Grpc.AspNetCore.Server.ClientFactory": "2.32.0",
          "Grpc.Tools": "2.32.0"
        }
      },
      "Grpc.AspNetCore.Server": {
        "type": "Transitive",
        "resolved": "2.32.0",
        "contentHash": "MqACagn1vkqVMdSqlPlVRWvKVtoNJIMETaKrJQN0nH3dpgKHiBxOw4IQGmBZV84+M05kaVFL+BambRCYUJ3Pug==",
        "dependencies": {
          "Grpc.Net.Common": "2.32.0"
        }
      },
      "Grpc.AspNetCore.Server.ClientFactory": {
        "type": "Transitive",
        "resolved": "2.32.0",
        "contentHash": "blc2JYWdXY88nMHqu9ctm50Gfp9o50rw5zK+CwqbPA/BXiAisW3Pylnp9CanK9f/vOLESI5yhmK+eI67nD64pQ==",
        "dependencies": {
          "Grpc.AspNetCore.Server": "2.32.0",
          "Grpc.Net.ClientFactory": "2.32.0"
        }
      },
      "Grpc.Core.Api": {
        "type": "Transitive",
        "resolved": "2.32.0",
        "contentHash": "t9H6P/oYA4ZQI4fWq4eEwq2GmMNqmOSRfz5+YIat7pQuFmz1hRC2Vq/fL9ZVV1mjd5kHqBlhupMdlsBOsaxeEw==",
        "dependencies": {
          "System.Memory": "4.5.3"
        }
      },
      "Grpc.Net.Client": {
        "type": "Transitive",
        "resolved": "2.32.0",
        "contentHash": "T4lKl51ahaSprLcgoZvgn8zYwh834DpaPnrDs6jBRdipL2NHIAC0rPeE7UyzDp/lzv4Xll2tw1u65Fg9ckvErg==",
        "dependencies": {
          "Grpc.Net.Common": "2.32.0",
          "Microsoft.Extensions.Logging.Abstractions": "3.0.3",
          "System.Diagnostics.DiagnosticSource": "4.5.1"
        }
      },
      "Grpc.Net.ClientFactory": {
        "type": "Transitive",
        "resolved": "2.32.0",
        "contentHash": "ixqSWxPK49P+5z6M2dDBHca0k+sXFe2KHHTJK3P+YXp6QOTHv5CHxNdaW8GrFF34Eh1FJ56Q2ADe383+FEAp6Q==",
        "dependencies": {
          "Grpc.Net.Client": "2.32.0",
          "Microsoft.Extensions.Http": "3.0.3"
        }
      },
      "Grpc.Net.Common": {
        "type": "Transitive",
        "resolved": "2.32.0",
        "contentHash": "vDsgy6fs+DlsylppjK9FBGTMMUe8vfAmaURV7ZTurM27itr8qBwymgqmwnVB2hcP1q35NqKx2NvPGe5S2IEnDw==",
        "dependencies": {
          "Grpc.Core.Api": "2.32.0"
        }
      },
      "Grpc.Tools": {
        "type": "Transitive",
        "resolved": "2.32.0",
        "contentHash": "phODsWXk5K0fnCxPA5r2sINMUusNnWnceFExqVI1CR2HhkdzECZjKMYtzUZRktNl1zUkBON0kR/JHK7xcBw0gA=="
      },
      "JetBrains.Annotations": {
        "type": "Transitive",
        "resolved": "2021.2.0",
        "contentHash": "kKSyoVfndMriKHLfYGmr0uzQuI4jcc3TKGyww7buJFCYeHb/X0kodYBPL7n9454q7v6ASiRmDgpPGaDGerg/Hg=="
      },
      "Json.More.Net": {
        "type": "Transitive",
        "resolved": "1.8.0",
        "contentHash": "JWxlYwCSYXZIWezmrvRgaxhI/vEEpQlZVm6/lskuS7p/uPrNJzQxbe2CPjzkF3UUz4RI8WkmObs6ycpxoE9T7w==",
        "dependencies": {
          "System.Text.Json": "6.0.2"
        }
      },
      "JsonPointer.Net": {
        "type": "Transitive",
        "resolved": "3.0.1",
        "contentHash": "TtUFnAp/0wK4v16quNKAbtAngXV7NrTBe3t70beTxiBU9VRhHFnLqjjU+MKWFMbM3AK++oiI2b4abgK2/7WNJA==",
        "dependencies": {
          "Json.More.Net": "1.8.0"
        }
      },
      "Macross.Json.Extensions": {
        "type": "Transitive",
        "resolved": "3.0.0",
        "contentHash": "AkNshs6dopj8FXsmkkJxvLivN2SyDJQDbjcds5lo9+Y6L4zpcoXdmzXQ3VVN+AIWQr0CTD5A7vkuHGAr2aypZg=="
      },
      "Microsoft.Extensions.Configuration.Abstractions": {
        "type": "Transitive",
        "resolved": "7.0.0",
        "contentHash": "f34u2eaqIjNO9YLHBz8rozVZ+TcFiFs0F3r7nUJd7FRkVSxk8u4OpoK226mi49MwexHOR2ibP9MFvRUaLilcQQ==",
        "dependencies": {
          "Microsoft.Extensions.Primitives": "7.0.0"
        }
      },
      "Microsoft.Extensions.Configuration.FileExtensions": {
        "type": "Transitive",
        "resolved": "7.0.0",
        "contentHash": "xk2lRJ1RDuqe57BmgvRPyCt6zyePKUmvT6iuXqiHR+/OIIgWVR8Ff5k2p6DwmqY8a17hx/OnrekEhziEIeQP6Q==",
        "dependencies": {
          "Microsoft.Extensions.Configuration": "7.0.0",
          "Microsoft.Extensions.Configuration.Abstractions": "7.0.0",
          "Microsoft.Extensions.FileProviders.Abstractions": "7.0.0",
          "Microsoft.Extensions.FileProviders.Physical": "7.0.0",
          "Microsoft.Extensions.Primitives": "7.0.0"
        }
      },
      "Microsoft.Extensions.DependencyInjection": {
        "type": "Transitive",
        "resolved": "3.0.3",
        "contentHash": "Vu59TuHl3zoRI8vwK6gQL2EbWI2Qf/uBHFkSJXb4pgNvW7g8yK6Gn3v1bXDIKbMKEneTApriHfCVde0O314K+g==",
        "dependencies": {
          "Microsoft.Extensions.DependencyInjection.Abstractions": "3.0.3"
        }
      },
      "Microsoft.Extensions.DependencyInjection.Abstractions": {
        "type": "Transitive",
        "resolved": "7.0.0",
        "contentHash": "h3j/QfmFN4S0w4C2A6X7arXij/M/OVw3uQHSOFxnND4DyAzO1F9eMX7Eti7lU/OkSthEE0WzRsfT/Dmx86jzCw=="
      },
      "Microsoft.Extensions.Diagnostics.HealthChecks.Abstractions": {
        "type": "Transitive",
        "resolved": "7.0.5",
        "contentHash": "C03THNFq2euCwr64H4HKI59o45xjuf/qfS6SBFUdBYltXnIIzL576qfWXClo0/9euoGE4/YfdO1AbcPSQsYl0g=="
      },
      "Microsoft.Extensions.FileProviders.Abstractions": {
        "type": "Transitive",
        "resolved": "7.0.0",
        "contentHash": "NyawiW9ZT/liQb34k9YqBSNPLuuPkrjMgQZ24Y/xXX1RoiBkLUdPMaQTmxhZ5TYu8ZKZ9qayzil75JX95vGQUg==",
        "dependencies": {
          "Microsoft.Extensions.Primitives": "7.0.0"
        }
      },
      "Microsoft.Extensions.FileProviders.Physical": {
        "type": "Transitive",
        "resolved": "7.0.0",
        "contentHash": "K8D2MTR+EtzkbZ8z80LrG7Ur64R7ZZdRLt1J5cgpc/pUWl0C6IkAUapPuK28oionHueCPELUqq0oYEvZfalNdg==",
        "dependencies": {
          "Microsoft.Extensions.FileProviders.Abstractions": "7.0.0",
          "Microsoft.Extensions.FileSystemGlobbing": "7.0.0",
          "Microsoft.Extensions.Primitives": "7.0.0"
        }
      },
      "Microsoft.Extensions.FileSystemGlobbing": {
        "type": "Transitive",
        "resolved": "7.0.0",
        "contentHash": "2jONjKHiF+E92ynz2ZFcr9OvxIw+rTGMPEH+UZGeHTEComVav93jQUWGkso8yWwVBcEJGcNcZAaqY01FFJcj7w=="
      },
      "Microsoft.Extensions.Hosting.Abstractions": {
        "type": "Transitive",
        "resolved": "7.0.0",
        "contentHash": "43n9Je09z0p/7ViPxfRqs5BUItRLNVh5b6JH40F2Agkh2NBsY/jpNYTtbCcxrHCsA3oRmbR6RJBzUutB4VZvNQ==",
        "dependencies": {
          "Microsoft.Extensions.Configuration.Abstractions": "7.0.0",
          "Microsoft.Extensions.DependencyInjection.Abstractions": "7.0.0",
          "Microsoft.Extensions.FileProviders.Abstractions": "7.0.0"
        }
      },
      "Microsoft.Extensions.Http": {
        "type": "Transitive",
        "resolved": "3.0.3",
        "contentHash": "dcyB8szIcSynjVZRuFgqkZpPgTc5zeRSj1HMXSmNqWbHYKiPYJl8ZQgBHz6wmZNSUUNGpCs5uxUg8DZHHDC1Ew==",
        "dependencies": {
          "Microsoft.Extensions.DependencyInjection.Abstractions": "3.0.3",
          "Microsoft.Extensions.Logging": "3.0.3",
          "Microsoft.Extensions.Options": "3.0.3"
        }
      },
      "Microsoft.Extensions.Logging": {
        "type": "Transitive",
        "resolved": "3.0.3",
        "contentHash": "uAZppu6kWIgS+VtVjqmhh+k3bMztwWQR5HYxI++Cn5Kz5m099g0KJ+krUrckaZP9NqIplQu63tPR5YpNWnjLuw==",
        "dependencies": {
          "Microsoft.Extensions.Configuration.Binder": "3.0.3",
          "Microsoft.Extensions.DependencyInjection": "3.0.3",
          "Microsoft.Extensions.Logging.Abstractions": "3.0.3",
          "Microsoft.Extensions.Options": "3.0.3"
        }
      },
      "Microsoft.Extensions.Logging.Abstractions": {
        "type": "Transitive",
        "resolved": "7.0.0",
        "contentHash": "kmn78+LPVMOWeITUjIlfxUPDsI0R6G0RkeAMBmQxAJ7vBJn4q2dTva7pWi65ceN5vPGjJ9q/Uae2WKgvfktJAw=="
      },
      "Microsoft.Extensions.Options": {
        "type": "Transitive",
        "resolved": "7.0.1",
        "contentHash": "pZRDYdN1FpepOIfHU62QoBQ6zdAoTvnjxFfqAzEd9Jhb2dfhA5i6jeTdgGgcgTWFRC7oT0+3XrbQu4LjvgX1Nw==",
        "dependencies": {
          "Microsoft.Extensions.DependencyInjection.Abstractions": "7.0.0",
          "Microsoft.Extensions.Primitives": "7.0.0"
        }
      },
      "Microsoft.Extensions.Primitives": {
        "type": "Transitive",
        "resolved": "7.0.0",
        "contentHash": "um1KU5kxcRp3CNuI8o/GrZtD4AIOXDk+RLsytjZ9QPok3ttLUelLKpilVPuaFT3TFjOhSibUAso0odbOaCDj3Q=="
      },
      "System.Diagnostics.DiagnosticSource": {
        "type": "Transitive",
        "resolved": "4.5.1",
        "contentHash": "zCno/m44ymWhgLFh7tELDG9587q0l/EynPM0m4KgLaWQbz/TEKvNRX2YT5ip2qXW/uayifQ2ZqbnErsKJ4lYrQ=="
      },
      "System.Memory": {
        "type": "Transitive",
        "resolved": "4.5.3",
        "contentHash": "3oDzvc/zzetpTKWMShs1AADwZjQ/36HnsufHRPcOjyRAAMLDlu2iD33MBI2opxnezcVUtXyqDXXjoFMOU9c7SA=="
      },
      "System.Net.Http.Json": {
        "type": "Transitive",
        "resolved": "6.0.0",
        "contentHash": "GbIV4y344kGOKjshAKCIDCMUTTW/hyUC42wV0Y5SXEdIbaKBIHBUxZ2MOe4/ZiV2svUAGfQ0c8LGtUExpOI8tg==",
        "dependencies": {
          "System.Text.Json": "6.0.0"
        }
      },
      "System.Text.Encodings.Web": {
        "type": "Transitive",
        "resolved": "7.0.0",
        "contentHash": "OP6umVGxc0Z0MvZQBVigj4/U31Pw72ITihDWP9WiWDm+q5aoe0GaJivsfYGq53o6dxH7DcXWiCTl7+0o2CGdmg=="
      },
      "System.Text.Json": {
        "type": "Transitive",
        "resolved": "7.0.0",
        "contentHash": "DaGSsVqKsn/ia6RG8frjwmJonfos0srquhw09TlT8KRw5I43E+4gs+/bZj4K0vShJ5H9imCuXupb4RmS+dBy3w==",
        "dependencies": {
          "System.Text.Encodings.Web": "7.0.0"
        }
      }
    }
  }
}