
Microsoft Visual Studio Solution File, Format Version 12.00
# Visual Studio Version 17
VisualStudioVersion = 17.7.34221.43
MinimumVisualStudioVersion = 10.0.40219.1
Project("{9A19103F-16F7-4668-BE54-9A1E7A4F7556}") = "ObservabilityService", "ObservabilityService.csproj", "{05F6BC79-9B10-43C0-85AC-273CE2110AFC}"
EndProject
Project("{FAE04EC0-301F-11D3-BF4B-00C04F79EFBC}") = "ObservabilityService.Tests", "ObservabilityService.Tests\ObservabilityService.Tests.csproj", "{B37DBFC8-B982-4875-A28C-A1DCCAFDD52C}"
EndProject
Global
	GlobalSection(SolutionConfigurationPlatforms) = preSolution
		Debug|Any CPU = Debug|Any CPU
		Release|Any CPU = Release|Any CPU
	EndGlobalSection
	GlobalSection(ProjectConfigurationPlatforms) = postSolution
		{05F6BC79-9B10-43C0-85AC-273CE2110AFC}.Debug|Any CPU.ActiveCfg = Debug|Any CPU
		{05F6BC79-9B10-43C0-85AC-273CE2110AFC}.Debug|Any CPU.Build.0 = Debug|Any CPU
		{05F6BC79-9B10-43C0-85AC-273CE2110AFC}.Release|Any CPU.ActiveCfg = Release|Any CPU
		{05F6BC79-9B10-43C0-85AC-273CE2110AFC}.Release|Any CPU.Build.0 = Release|Any CPU
		{B37DBFC8-B982-4875-A28C-A1DCCAFDD52C}.Debug|Any CPU.ActiveCfg = Debug|Any CPU
		{B37DBFC8-B982-4875-A28C-A1DCCAFDD52C}.Debug|Any CPU.Build.0 = Debug|Any CPU
		{B37DBFC8-B982-4875-A28C-A1DCCAFDD52C}.Release|Any CPU.ActiveCfg = Release|Any CPU
		{B37DBFC8-B982-4875-A28C-A1DCCAFDD52C}.Release|Any CPU.Build.0 = Release|Any CPU
	EndGlobalSection
	GlobalSection(SolutionProperties) = preSolution
		HideSolutionNode = FALSE
	EndGlobalSection
	GlobalSection(ExtensibilityGlobals) = postSolution
		SolutionGuid = {022E80C8-D102-4D70-A651-EDB373EAE296}
	EndGlobalSection
EndGlobal
